
Microsoft Visual Studio Solution File, Format Version 12.00
# Visual Studio Version 16
VisualStudioVersion = 16.0.31605.320
MinimumVisualStudioVersion = 10.0.40219.1
Project("{FAE04EC0-301F-11D3-BF4B-00C04F79EFBC}") = "NetacticaTest.API", "NetacticaTest.API\NetacticaTest.API.csproj", "{B2A8ACCE-F6AD-4589-A1F5-7D09CCDBFBB4}"
EndProject
Global
	GlobalSection(SolutionConfigurationPlatforms) = preSolution
		Debug|Any CPU = Debug|Any CPU
		Release|Any CPU = Release|Any CPU
	EndGlobalSection
	GlobalSection(ProjectConfigurationPlatforms) = postSolution
		{B2A8ACCE-F6AD-4589-A1F5-7D09CCDBFBB4}.Debug|Any CPU.ActiveCfg = Debug|Any CPU
		{B2A8ACCE-F6AD-4589-A1F5-7D09CCDBFBB4}.Debug|Any CPU.Build.0 = Debug|Any CPU
		{B2A8ACCE-F6AD-4589-A1F5-7D09CCDBFBB4}.Release|Any CPU.ActiveCfg = Release|Any CPU
		{B2A8ACCE-F6AD-4589-A1F5-7D09CCDBFBB4}.Release|Any CPU.Build.0 = Release|Any CPU
	EndGlobalSection
	GlobalSection(SolutionProperties) = preSolution
		HideSolutionNode = FALSE
	EndGlobalSection
	GlobalSection(ExtensibilityGlobals) = postSolution
		SolutionGuid = {A0FD4A62-0734-4096-ADCA-6A9C6B92A845}
	EndGlobalSection
EndGlobal
